
Microsoft Visual Studio Solution File, Format Version 12.00
# Visual Studio Version 17
VisualStudioVersion = 17.7.34221.43
MinimumVisualStudioVersion = 10.0.40219.1
Project("{FAE04EC0-301F-11D3-BF4B-00C04F79EFBC}") = "webapp1", "webapp1\webapp1.csproj", "{1834FD3A-87C0-4CF6-B04F-C68AA6F65B54}"
EndProject
Global
	GlobalSection(SolutionConfigurationPlatforms) = preSolution
		Debug|Any CPU = Debug|Any CPU
		Release|Any CPU = Release|Any CPU
	EndGlobalSection
	GlobalSection(ProjectConfigurationPlatforms) = postSolution
		{1834FD3A-87C0-4CF6-B04F-C68AA6F65B54}.Debug|Any CPU.ActiveCfg = Debug|Any CPU
		{1834FD3A-87C0-4CF6-B04F-C68AA6F65B54}.Debug|Any CPU.Build.0 = Debug|Any CPU
		{1834FD3A-87C0-4CF6-B04F-C68AA6F65B54}.Release|Any CPU.ActiveCfg = Release|Any CPU
		{1834FD3A-87C0-4CF6-B04F-C68AA6F65B54}.Release|Any CPU.Build.0 = Release|Any CPU
	EndGlobalSection
	GlobalSection(SolutionProperties) = preSolution
		HideSolutionNode = FALSE
	EndGlobalSection
	GlobalSection(ExtensibilityGlobals) = postSolution
		SolutionGuid = {B553E1C0-61E6-4244-A0D1-D7B40327EF58}
	EndGlobalSection
EndGlobal
